
Microsoft Visual Studio Solution File, Format Version 12.00
# Visual Studio Version 16
VisualStudioVersion = 16.0.29806.167
MinimumVisualStudioVersion = 10.0.40219.1
Project("{2150E333-8FDC-42A3-9474-1A3956D46DE8}") = "Services", "Services", "{6CC94A56-3F11-46ED-8097-811B78AF122C}"
EndProject
Project("{2150E333-8FDC-42A3-9474-1A3956D46DE8}") = "MRI", "MRI", "{4CA4F112-D985-4A4B-BB9A-D7AB1C384118}"
EndProject
Project("{2150E333-8FDC-42A3-9474-1A3956D46DE8}") = "Ports", "Ports", "{83879F5D-4F3E-4516-B255-F3F612AB4EC0}"
EndProject
Project("{2150E333-8FDC-42A3-9474-1A3956D46DE8}") = "Adapters", "Adapters", "{24116F8F-DC93-49D8-8CE8-0AFABD77845A}"
EndProject
Project("{2150E333-8FDC-42A3-9474-1A3956D46DE8}") = "Core", "Core", "{7C8CDF49-BC95-4845-8CB4-F4D7833636A6}"
EndProject
Project("{2150E333-8FDC-42A3-9474-1A3956D46DE8}") = "OutgoingAdapters(Infrastructure)", "OutgoingAdapters(Infrastructure)", "{992AD332-75AD-45D4-A7E1-6ABBBCEE2695}"
EndProject
Project("{2150E333-8FDC-42A3-9474-1A3956D46DE8}") = "IncomingAdapters(UI, API)", "IncomingAdapters(UI, API)", "{5F36AA63-E60E-427D-908D-1685F950633B}"
EndProject
Project("{9A19103F-16F7-4668-BE54-9A1E7A4F7556}") = "MRI.Domain", "Services\MRI\Core\MRI.Domain\MRI.Domain.csproj", "{5DFAAC6D-997D-4ECD-8907-3F17A76FE39E}"
EndProject
Project("{9A19103F-16F7-4668-BE54-9A1E7A4F7556}") = "MRI.PostgresRepository", "Services\MRI\Adapters\OutgoingAdapters\MRI.PostgresRepository\MRI.PostgresRepository.csproj", "{24474C51-0BAE-4FC7-BB2E-29EB493FF61C}"
EndProject
Project("{9A19103F-16F7-4668-BE54-9A1E7A4F7556}") = "MRI.Application", "Services\MRI\Core\MRI.Application\MRI.Application.csproj", "{3A3531B6-3092-4323-AD4B-46486493D2B7}"
EndProject
Project("{9A19103F-16F7-4668-BE54-9A1E7A4F7556}") = "MRI.IncomingPorts", "Services\MRI\Ports\MRI.IncomingPorts\MRI.IncomingPorts.csproj", "{55CDD004-EF61-4313-B552-93F0C65E1CEF}"
EndProject
Project("{9A19103F-16F7-4668-BE54-9A1E7A4F7556}") = "MRI.OutgoingPorts", "Services\MRI\Ports\MRI.OutgoingPorts\MRI.OutgoingPorts.csproj", "{F196DB67-5639-4EAD-875C-C2294EA1E341}"
EndProject
Global
	GlobalSection(SolutionConfigurationPlatforms) = preSolution
		Debug|Any CPU = Debug|Any CPU
		Release|Any CPU = Release|Any CPU
	EndGlobalSection
	GlobalSection(ProjectConfigurationPlatforms) = postSolution
		{5DFAAC6D-997D-4ECD-8907-3F17A76FE39E}.Debug|Any CPU.ActiveCfg = Debug|Any CPU
		{5DFAAC6D-997D-4ECD-8907-3F17A76FE39E}.Debug|Any CPU.Build.0 = Debug|Any CPU
		{5DFAAC6D-997D-4ECD-8907-3F17A76FE39E}.Release|Any CPU.ActiveCfg = Release|Any CPU
		{5DFAAC6D-997D-4ECD-8907-3F17A76FE39E}.Release|Any CPU.Build.0 = Release|Any CPU
		{24474C51-0BAE-4FC7-BB2E-29EB493FF61C}.Debug|Any CPU.ActiveCfg = Debug|Any CPU
		{24474C51-0BAE-4FC7-BB2E-29EB493FF61C}.Debug|Any CPU.Build.0 = Debug|Any CPU
		{24474C51-0BAE-4FC7-BB2E-29EB493FF61C}.Release|Any CPU.ActiveCfg = Release|Any CPU
		{24474C51-0BAE-4FC7-BB2E-29EB493FF61C}.Release|Any CPU.Build.0 = Release|Any CPU
		{3A3531B6-3092-4323-AD4B-46486493D2B7}.Debug|Any CPU.ActiveCfg = Debug|Any CPU
		{3A3531B6-3092-4323-AD4B-46486493D2B7}.Debug|Any CPU.Build.0 = Debug|Any CPU
		{3A3531B6-3092-4323-AD4B-46486493D2B7}.Release|Any CPU.ActiveCfg = Release|Any CPU
		{3A3531B6-3092-4323-AD4B-46486493D2B7}.Release|Any CPU.Build.0 = Release|Any CPU
		{55CDD004-EF61-4313-B552-93F0C65E1CEF}.Debug|Any CPU.ActiveCfg = Debug|Any CPU
		{55CDD004-EF61-4313-B552-93F0C65E1CEF}.Debug|Any CPU.Build.0 = Debug|Any CPU
		{55CDD004-EF61-4313-B552-93F0C65E1CEF}.Release|Any CPU.ActiveCfg = Release|Any CPU
		{55CDD004-EF61-4313-B552-93F0C65E1CEF}.Release|Any CPU.Build.0 = Release|Any CPU
		{F196DB67-5639-4EAD-875C-C2294EA1E341}.Debug|Any CPU.ActiveCfg = Debug|Any CPU
		{F196DB67-5639-4EAD-875C-C2294EA1E341}.Debug|Any CPU.Build.0 = Debug|Any CPU
		{F196DB67-5639-4EAD-875C-C2294EA1E341}.Release|Any CPU.ActiveCfg = Release|Any CPU
		{F196DB67-5639-4EAD-875C-C2294EA1E341}.Release|Any CPU.Build.0 = Release|Any CPU
	EndGlobalSection
	GlobalSection(SolutionProperties) = preSolution
		HideSolutionNode = FALSE
	EndGlobalSection
	GlobalSection(NestedProjects) = preSolution
		{4CA4F112-D985-4A4B-BB9A-D7AB1C384118} = {6CC94A56-3F11-46ED-8097-811B78AF122C}
		{83879F5D-4F3E-4516-B255-F3F612AB4EC0} = {4CA4F112-D985-4A4B-BB9A-D7AB1C384118}
		{24116F8F-DC93-49D8-8CE8-0AFABD77845A} = {4CA4F112-D985-4A4B-BB9A-D7AB1C384118}
		{7C8CDF49-BC95-4845-8CB4-F4D7833636A6} = {4CA4F112-D985-4A4B-BB9A-D7AB1C384118}
		{992AD332-75AD-45D4-A7E1-6ABBBCEE2695} = {24116F8F-DC93-49D8-8CE8-0AFABD77845A}
		{5F36AA63-E60E-427D-908D-1685F950633B} = {24116F8F-DC93-49D8-8CE8-0AFABD77845A}
		{5DFAAC6D-997D-4ECD-8907-3F17A76FE39E} = {7C8CDF49-BC95-4845-8CB4-F4D7833636A6}
		{24474C51-0BAE-4FC7-BB2E-29EB493FF61C} = {992AD332-75AD-45D4-A7E1-6ABBBCEE2695}
		{3A3531B6-3092-4323-AD4B-46486493D2B7} = {7C8CDF49-BC95-4845-8CB4-F4D7833636A6}
		{55CDD004-EF61-4313-B552-93F0C65E1CEF} = {83879F5D-4F3E-4516-B255-F3F612AB4EC0}
		{F196DB67-5639-4EAD-875C-C2294EA1E341} = {83879F5D-4F3E-4516-B255-F3F612AB4EC0}
	EndGlobalSection
	GlobalSection(ExtensibilityGlobals) = postSolution
		SolutionGuid = {D3409167-88C1-46F8-8774-C7E0FDEE4690}
	EndGlobalSection
EndGlobal
