
Microsoft Visual Studio Solution File, Format Version 12.00
# Visual Studio Version 16
VisualStudioVersion = 16.0.29806.167
MinimumVisualStudioVersion = 10.0.40219.1
Project("{2150E333-8FDC-42A3-9474-1A3956D46DE8}") = "Services", "Services", "{6CC94A56-3F11-46ED-8097-811B78AF122C}"
EndProject
Project("{2150E333-8FDC-42A3-9474-1A3956D46DE8}") = "MRI", "MRI", "{4CA4F112-D985-4A4B-BB9A-D7AB1C384118}"
EndProject
Project("{FAE04EC0-301F-11D3-BF4B-00C04F79EFBC}") = "MRI.Domain", "MRI.Domain\MRI.Domain.csproj", "{D44CB219-24FD-4A1C-94E7-1B0ED51CDA45}"
EndProject
Project("{FAE04EC0-301F-11D3-BF4B-00C04F79EFBC}") = "MRI.Application", "MRI.Application\MRI.Application.csproj", "{FBF34463-BC07-4F27-9827-821492306308}"
EndProject
Project("{2150E333-8FDC-42A3-9474-1A3956D46DE8}") = "Ports", "Ports", "{83879F5D-4F3E-4516-B255-F3F612AB4EC0}"
EndProject
Project("{FAE04EC0-301F-11D3-BF4B-00C04F79EFBC}") = "MRI.IncomingPorts", "MRI.IncomingPorts\MRI.IncomingPorts.csproj", "{706EE261-CAEC-4673-9D4E-5176653E622A}"
EndProject
Project("{FAE04EC0-301F-11D3-BF4B-00C04F79EFBC}") = "MRI.OutgoingPorts", "MRI.OutgoingPorts\MRI.OutgoingPorts.csproj", "{48700510-7F8D-49AB-8B25-96A66D9D9386}"
EndProject
Project("{2150E333-8FDC-42A3-9474-1A3956D46DE8}") = "Adapters", "Adapters", "{24116F8F-DC93-49D8-8CE8-0AFABD77845A}"
EndProject
Project("{2150E333-8FDC-42A3-9474-1A3956D46DE8}") = "Core", "Core", "{7C8CDF49-BC95-4845-8CB4-F4D7833636A6}"
EndProject
Project("{2150E333-8FDC-42A3-9474-1A3956D46DE8}") = "OutgoingAdapters(Infrastructure)", "OutgoingAdapters(Infrastructure)", "{992AD332-75AD-45D4-A7E1-6ABBBCEE2695}"
EndProject
Project("{2150E333-8FDC-42A3-9474-1A3956D46DE8}") = "IncomingAdapters(UI, API)", "IncomingAdapters(UI, API)", "{5F36AA63-E60E-427D-908D-1685F950633B}"
EndProject
Project("{FAE04EC0-301F-11D3-BF4B-00C04F79EFBC}") = "MRI.PostgresRepository", "MRI.PostgresRepository\MRI.PostgresRepository.csproj", "{767D1D65-4158-4E08-8D2C-E4FC9949E68F}"
EndProject
Global
	GlobalSection(SolutionConfigurationPlatforms) = preSolution
		Debug|Any CPU = Debug|Any CPU
		Release|Any CPU = Release|Any CPU
	EndGlobalSection
	GlobalSection(ProjectConfigurationPlatforms) = postSolution
		{D44CB219-24FD-4A1C-94E7-1B0ED51CDA45}.Debug|Any CPU.ActiveCfg = Debug|Any CPU
		{D44CB219-24FD-4A1C-94E7-1B0ED51CDA45}.Debug|Any CPU.Build.0 = Debug|Any CPU
		{D44CB219-24FD-4A1C-94E7-1B0ED51CDA45}.Release|Any CPU.ActiveCfg = Release|Any CPU
		{D44CB219-24FD-4A1C-94E7-1B0ED51CDA45}.Release|Any CPU.Build.0 = Release|Any CPU
		{FBF34463-BC07-4F27-9827-821492306308}.Debug|Any CPU.ActiveCfg = Debug|Any CPU
		{FBF34463-BC07-4F27-9827-821492306308}.Debug|Any CPU.Build.0 = Debug|Any CPU
		{FBF34463-BC07-4F27-9827-821492306308}.Release|Any CPU.ActiveCfg = Release|Any CPU
		{FBF34463-BC07-4F27-9827-821492306308}.Release|Any CPU.Build.0 = Release|Any CPU
		{706EE261-CAEC-4673-9D4E-5176653E622A}.Debug|Any CPU.ActiveCfg = Debug|Any CPU
		{706EE261-CAEC-4673-9D4E-5176653E622A}.Debug|Any CPU.Build.0 = Debug|Any CPU
		{706EE261-CAEC-4673-9D4E-5176653E622A}.Release|Any CPU.ActiveCfg = Release|Any CPU
		{706EE261-CAEC-4673-9D4E-5176653E622A}.Release|Any CPU.Build.0 = Release|Any CPU
		{48700510-7F8D-49AB-8B25-96A66D9D9386}.Debug|Any CPU.ActiveCfg = Debug|Any CPU
		{48700510-7F8D-49AB-8B25-96A66D9D9386}.Debug|Any CPU.Build.0 = Debug|Any CPU
		{48700510-7F8D-49AB-8B25-96A66D9D9386}.Release|Any CPU.ActiveCfg = Release|Any CPU
		{48700510-7F8D-49AB-8B25-96A66D9D9386}.Release|Any CPU.Build.0 = Release|Any CPU
		{767D1D65-4158-4E08-8D2C-E4FC9949E68F}.Debug|Any CPU.ActiveCfg = Debug|Any CPU
		{767D1D65-4158-4E08-8D2C-E4FC9949E68F}.Debug|Any CPU.Build.0 = Debug|Any CPU
		{767D1D65-4158-4E08-8D2C-E4FC9949E68F}.Release|Any CPU.ActiveCfg = Release|Any CPU
		{767D1D65-4158-4E08-8D2C-E4FC9949E68F}.Release|Any CPU.Build.0 = Release|Any CPU
	EndGlobalSection
	GlobalSection(SolutionProperties) = preSolution
		HideSolutionNode = FALSE
	EndGlobalSection
	GlobalSection(NestedProjects) = preSolution
		{4CA4F112-D985-4A4B-BB9A-D7AB1C384118} = {6CC94A56-3F11-46ED-8097-811B78AF122C}
		{D44CB219-24FD-4A1C-94E7-1B0ED51CDA45} = {7C8CDF49-BC95-4845-8CB4-F4D7833636A6}
		{FBF34463-BC07-4F27-9827-821492306308} = {7C8CDF49-BC95-4845-8CB4-F4D7833636A6}
		{83879F5D-4F3E-4516-B255-F3F612AB4EC0} = {4CA4F112-D985-4A4B-BB9A-D7AB1C384118}
		{706EE261-CAEC-4673-9D4E-5176653E622A} = {83879F5D-4F3E-4516-B255-F3F612AB4EC0}
		{48700510-7F8D-49AB-8B25-96A66D9D9386} = {83879F5D-4F3E-4516-B255-F3F612AB4EC0}
		{24116F8F-DC93-49D8-8CE8-0AFABD77845A} = {4CA4F112-D985-4A4B-BB9A-D7AB1C384118}
		{7C8CDF49-BC95-4845-8CB4-F4D7833636A6} = {4CA4F112-D985-4A4B-BB9A-D7AB1C384118}
		{992AD332-75AD-45D4-A7E1-6ABBBCEE2695} = {24116F8F-DC93-49D8-8CE8-0AFABD77845A}
		{5F36AA63-E60E-427D-908D-1685F950633B} = {24116F8F-DC93-49D8-8CE8-0AFABD77845A}
		{767D1D65-4158-4E08-8D2C-E4FC9949E68F} = {992AD332-75AD-45D4-A7E1-6ABBBCEE2695}
	EndGlobalSection
	GlobalSection(ExtensibilityGlobals) = postSolution
		SolutionGuid = {D3409167-88C1-46F8-8774-C7E0FDEE4690}
	EndGlobalSection
EndGlobal
